PODS:
  - CTCustomTableViewCell (2)
  - Facebook-iOS-SDK (3.7.1)
  - IAPManager (0.2.2)
  - JSONModel (0.10.0)
  - MRCEnumerable (0.0.1)
  - TPKeyboardAvoiding (1.1)
  - ViewDeck (2.2.11)
  - WebViewJavascriptBridge (4.0.1)

DEPENDENCIES:
  - CTCustomTableViewCell (= 2)
  - Facebook-iOS-SDK (= 3.7.1)
  - IAPManager (from `https://github.com/mruegenberg/IAPManager`, commit `250886f`)
  - JSONModel
  - MRCEnumerable
  - TPKeyboardAvoiding (= 1.1)
  - ViewDeck (= 2.2.11)
  - WebViewJavascriptBridge (= 4.0.1)

EXTERNAL SOURCES:
  IAPManager:
    :commit: 250886f
    :git: https://github.com/mruegenberg/IAPManager

SPEC CHECKSUMS:
  CTCustomTableViewCell: d3a141b32843da29aefb2157bbc143dd210b05f3
  Facebook-iOS-SDK: bf38d403928f6adb652e2e5ae46253e0c6ba9a19
  IAPManager: fb36017e64524e2ecb9ae2101daaa83165cc5211
  JSONModel: cecca3c3a9ee1a248b56f7139e2d64b85ce536ec
  MRCEnumerable: 19a97c0ce6308525d84116c92f87f380807695d5
  TPKeyboardAvoiding: e1f92115fba393b45682fd48148d672b72a95c50
  ViewDeck: b5eddc8559b0e47259ab7addbf2de6768061f139
  WebViewJavascriptBridge: f338f16ea0690e03914d8463af4b6372cb21a437

COCOAPODS: 0.28.0
