PODS:
  - CTCustomTableViewCell (2)
  - IAPManager (0.2.2)
  - JRSwizzle (1.0)
  - MRCEnumerable (0.0.1)
  - TPKeyboardAvoiding (0.0.1)
  - UbiquityStoreManager (0.1.0):
    - JRSwizzle (~> 1.0)
  - ViewDeck (2.2.11)

DEPENDENCIES:
  - CTCustomTableViewCell (= 2)
  - IAPManager
  - MRCEnumerable
  - TPKeyboardAvoiding (= 0.0.1)
  - UbiquityStoreManager
  - ViewDeck (= 2.2.11)

SPEC CHECKSUMS:
  CTCustomTableViewCell: d3a141b32843da29aefb2157bbc143dd210b05f3
  IAPManager: fb36017e64524e2ecb9ae2101daaa83165cc5211
  JRSwizzle: 6242ff38485d870fc2636899048ee1ab883ae587
  MRCEnumerable: 4c48c6d30c6bea426d91403b8b1c30246ffe1991
  TPKeyboardAvoiding: 7289409b17dc2193a3f324672283c542f17c1bb1
  UbiquityStoreManager: 56dd9a0f6c5c310b3e4af1f8cfe3a6e3fdfa28d8
  ViewDeck: b5eddc8559b0e47259ab7addbf2de6768061f139

COCOAPODS: 0.21.0.rc1
