PODS:
  - CTCustomTableViewCell (2)
  - EZForm (1.1.0)
  - MRCEnumerable (0.0.1)
  - TPKeyboardAvoiding (0.0.1)
  - ViewDeck (2.2.11)

DEPENDENCIES:
  - CTCustomTableViewCell (= 2)
  - EZForm
  - MRCEnumerable
  - TPKeyboardAvoiding (= 0.0.1)
  - ViewDeck (= 2.2.11)

SPEC CHECKSUMS:
  CTCustomTableViewCell: d3a141b32843da29aefb2157bbc143dd210b05f3
  EZForm: da523a8d9f870c01b098c40fa733c131169a0ede
  MRCEnumerable: 4c48c6d30c6bea426d91403b8b1c30246ffe1991
  TPKeyboardAvoiding: 7289409b17dc2193a3f324672283c542f17c1bb1
  ViewDeck: b5eddc8559b0e47259ab7addbf2de6768061f139

COCOAPODS: 0.20.2
