<?xml version="1.0" encoding="UTF-8"?>
<Scheme
   version = "1.3">
   <BuildAction>
      <BuildActionEntries>
         <BuildActionEntry
            buildForRunning = "YES"
            buildForTesting = "YES">
            <BuildableReference
               BuildableIdentifier = "primary"
               BlueprintIdentifier = "545909D972AAFC48E1E435CB"
               BuildableName = "Big Lifts 2Tests.octest"
               BlueprintName = "Big Lifts 2Tests"
               ReferencedContainer = "container:Big Lifts 2.xcodeproj">
            </BuildableReference>
         </BuildActionEntry>
      </BuildActionEntries>
   </BuildAction>
   <TestAction
      buildConfiguration = "Debug">
      <Testables>
         <TestableReference>
            <BuildableReference
               BuildableIdentifier = "primary"
               BlueprintIdentifier = "545909D972AAFC48E1E435CB"
               BuildableName = "Big Lifts 2Tests.octest"
               BlueprintName = "Big Lifts 2Tests"
               ReferencedContainer = "container:Big Lifts 2.xcodeproj">
            </BuildableReference>
         </TestableReference>
      </Testables>
   </TestAction>
   <LaunchAction
      useCustomWorkingDirectory = "NO">
   </LaunchAction>
</Scheme>
